
Microsoft Visual Studio Solution File, Format Version 12.00
# Visual Studio Version 17
VisualStudioVersion = 17.14.36623.8 d17.14
MinimumVisualStudioVersion = 10.0.40219.1
Project("{FAE04EC0-301F-11D3-BF4B-00C04F79EFBC}") = "TestPythonFromNET", "TestPythonFromNET\TestPythonFromNET.csproj", "{A82764E2-D1D0-4ECB-8712-DB78C521EEBE}"
EndProject
Global
	GlobalSection(SolutionConfigurationPlatforms) = preSolution
		Debug|Any CPU = Debug|Any CPU
		Release|Any CPU = Release|Any CPU
	EndGlobalSection
	GlobalSection(ProjectConfigurationPlatforms) = postSolution
		{A82764E2-D1D0-4ECB-8712-DB78C521EEBE}.Debug|Any CPU.ActiveCfg = Debug|Any CPU
		{A82764E2-D1D0-4ECB-8712-DB78C521EEBE}.Debug|Any CPU.Build.0 = Debug|Any CPU
		{A82764E2-D1D0-4ECB-8712-DB78C521EEBE}.Release|Any CPU.ActiveCfg = Release|Any CPU
		{A82764E2-D1D0-4ECB-8712-DB78C521EEBE}.Release|Any CPU.Build.0 = Release|Any CPU
	EndGlobalSection
	GlobalSection(SolutionProperties) = preSolution
		HideSolutionNode = FALSE
	EndGlobalSection
	GlobalSection(ExtensibilityGlobals) = postSolution
		SolutionGuid = {8D46DF2A-DF19-4570-9119-5A55E9331381}
	EndGlobalSection
EndGlobal
